
Microsoft Visual Studio Solution File, Format Version 12.00
# Visual Studio Version 17
VisualStudioVersion = 17.2.32519.379
MinimumVisualStudioVersion = 10.0.40219.1
Project("{FAE04EC0-301F-11D3-BF4B-00C04F79EFBC}") = "laba 7", "laba 7\laba 7.csproj", "{A86B5294-BCA1-4AC7-92DE-3CD942CCB759}"
EndProject
Global
	GlobalSection(SolutionConfigurationPlatforms) = preSolution
		Debug|Any CPU = Debug|Any CPU
		Release|Any CPU = Release|Any CPU
	EndGlobalSection
	GlobalSection(ProjectConfigurationPlatforms) = postSolution
		{A86B5294-BCA1-4AC7-92DE-3CD942CCB759}.Debug|Any CPU.ActiveCfg = Debug|Any CPU
		{A86B5294-BCA1-4AC7-92DE-3CD942CCB759}.Debug|Any CPU.Build.0 = Debug|Any CPU
		{A86B5294-BCA1-4AC7-92DE-3CD942CCB759}.Release|Any CPU.ActiveCfg = Release|Any CPU
		{A86B5294-BCA1-4AC7-92DE-3CD942CCB759}.Release|Any CPU.Build.0 = Release|Any CPU
	EndGlobalSection
	GlobalSection(SolutionProperties) = preSolution
		HideSolutionNode = FALSE
	EndGlobalSection
	GlobalSection(ExtensibilityGlobals) = postSolution
		SolutionGuid = {2DC57A04-0A7D-4BB3-8482-08EEF78EBC3F}
	EndGlobalSection
EndGlobal
