
Microsoft Visual Studio Solution File, Format Version 12.00
# Visual Studio Version 17
VisualStudioVersion = 17.2.32519.379
MinimumVisualStudioVersion = 10.0.40219.1
Project("{FAE04EC0-301F-11D3-BF4B-00C04F79EFBC}") = "Laba 3", "Laba 3\Laba 3.csproj", "{8B2A2088-7C5B-4440-AFAC-6B84B62F7E79}"
EndProject
Global
	GlobalSection(SolutionConfigurationPlatforms) = preSolution
		Debug|Any CPU = Debug|Any CPU
		Release|Any CPU = Release|Any CPU
	EndGlobalSection
	GlobalSection(ProjectConfigurationPlatforms) = postSolution
		{8B2A2088-7C5B-4440-AFAC-6B84B62F7E79}.Debug|Any CPU.ActiveCfg = Debug|Any CPU
		{8B2A2088-7C5B-4440-AFAC-6B84B62F7E79}.Debug|Any CPU.Build.0 = Debug|Any CPU
		{8B2A2088-7C5B-4440-AFAC-6B84B62F7E79}.Release|Any CPU.ActiveCfg = Release|Any CPU
		{8B2A2088-7C5B-4440-AFAC-6B84B62F7E79}.Release|Any CPU.Build.0 = Release|Any CPU
	EndGlobalSection
	GlobalSection(SolutionProperties) = preSolution
		HideSolutionNode = FALSE
	EndGlobalSection
	GlobalSection(ExtensibilityGlobals) = postSolution
		SolutionGuid = {59D71682-CA5B-4291-AFC1-564FBA9275DC}
	EndGlobalSection
EndGlobal
